
Microsoft Visual Studio Solution File, Format Version 12.00
# Visual Studio Version 16
VisualStudioVersion = 16.0.31729.503
MinimumVisualStudioVersion = 10.0.40219.1
Project("{FAE04EC0-301F-11D3-BF4B-00C04F79EFBC}") = "Entidades", "Entidades\Entidades.csproj", "{41B9225A-D4A5-4A38-AEC7-67EC285A454B}"
EndProject
Project("{FAE04EC0-301F-11D3-BF4B-00C04F79EFBC}") = "WindowsMedicos", "WindowsMedicos\WindowsMedicos.csproj", "{5B59175C-E650-4E94-BC02-416DED1DA2E3}"
EndProject
Project("{FAE04EC0-301F-11D3-BF4B-00C04F79EFBC}") = "Datos", "Datos\Datos.csproj", "{166B96BF-B4CB-4BE0-9D01-853BBC2506E7}"
EndProject
Project("{FAE04EC0-301F-11D3-BF4B-00C04F79EFBC}") = "WebMedicos", "WebMedicos\WebMedicos.csproj", "{2DA3944A-A341-470A-8EA0-7BF9050FCBD6}"
EndProject
Global
	GlobalSection(SolutionConfigurationPlatforms) = preSolution
		Debug|Any CPU = Debug|Any CPU
		Release|Any CPU = Release|Any CPU
	EndGlobalSection
	GlobalSection(ProjectConfigurationPlatforms) = postSolution
		{41B9225A-D4A5-4A38-AEC7-67EC285A454B}.Debug|Any CPU.ActiveCfg = Debug|Any CPU
		{41B9225A-D4A5-4A38-AEC7-67EC285A454B}.Debug|Any CPU.Build.0 = Debug|Any CPU
		{41B9225A-D4A5-4A38-AEC7-67EC285A454B}.Release|Any CPU.ActiveCfg = Release|Any CPU
		{41B9225A-D4A5-4A38-AEC7-67EC285A454B}.Release|Any CPU.Build.0 = Release|Any CPU
		{5B59175C-E650-4E94-BC02-416DED1DA2E3}.Debug|Any CPU.ActiveCfg = Debug|Any CPU
		{5B59175C-E650-4E94-BC02-416DED1DA2E3}.Debug|Any CPU.Build.0 = Debug|Any CPU
		{5B59175C-E650-4E94-BC02-416DED1DA2E3}.Release|Any CPU.ActiveCfg = Release|Any CPU
		{5B59175C-E650-4E94-BC02-416DED1DA2E3}.Release|Any CPU.Build.0 = Release|Any CPU
		{166B96BF-B4CB-4BE0-9D01-853BBC2506E7}.Debug|Any CPU.ActiveCfg = Debug|Any CPU
		{166B96BF-B4CB-4BE0-9D01-853BBC2506E7}.Debug|Any CPU.Build.0 = Debug|Any CPU
		{166B96BF-B4CB-4BE0-9D01-853BBC2506E7}.Release|Any CPU.ActiveCfg = Release|Any CPU
		{166B96BF-B4CB-4BE0-9D01-853BBC2506E7}.Release|Any CPU.Build.0 = Release|Any CPU
		{2DA3944A-A341-470A-8EA0-7BF9050FCBD6}.Debug|Any CPU.ActiveCfg = Debug|Any CPU
		{2DA3944A-A341-470A-8EA0-7BF9050FCBD6}.Debug|Any CPU.Build.0 = Debug|Any CPU
		{2DA3944A-A341-470A-8EA0-7BF9050FCBD6}.Release|Any CPU.ActiveCfg = Release|Any CPU
		{2DA3944A-A341-470A-8EA0-7BF9050FCBD6}.Release|Any CPU.Build.0 = Release|Any CPU
	EndGlobalSection
	GlobalSection(SolutionProperties) = preSolution
		HideSolutionNode = FALSE
	EndGlobalSection
	GlobalSection(ExtensibilityGlobals) = postSolution
		SolutionGuid = {F7BB141E-93F9-44D1-958C-F97BF97855C7}
	EndGlobalSection
EndGlobal
